// !$*UTF8*$!
{
	archiveVersion = 1;
	classes = {
	};
	objectVersion = 55;
	objects = {

/* Begin PBXBuildFile section */
		A35AD8DD27C6D74500E88AB0 /* CryptoAppApp.swift in Sources */ = {isa = PBXBuildFile; fileRef = A35AD8DC27C6D74500E88AB0 /* CryptoAppApp.swift */; };
		A35AD8DF27C6D74500E88AB0 /* ContentView.swift in Sources */ = {isa = PBXBuildFile; fileRef = A35AD8DE27C6D74500E88AB0 /* ContentView.swift */; };
		A35AD8E427C6D74700E88AB0 /* Preview Assets.xcassets in Resources */ = {isa = PBXBuildFile; fileRef = A35AD8E327C6D74700E88AB0 /* Preview Assets.xcassets */; };
		A35AD8EB27C6D87900E88AB0 /* Assets.xcassets in Resources */ = {isa = PBXBuildFile; fileRef = A35AD8EA27C6D87900E88AB0 /* Assets.xcassets */; };
		A35AD8EE27C6DA5200E88AB0 /* Color.swift in Sources */ = {isa = PBXBuildFile; fileRef = A35AD8ED27C6DA5200E88AB0 /* Color.swift */; };
		A35AD8F427C6DE3E00E88AB0 /* HomeView.swift in Sources */ = {isa = PBXBuildFile; fileRef = A35AD8F327C6DE3E00E88AB0 /* HomeView.swift */; };
		A35AD8F827CA700300E88AB0 /* CircleButtonView.swift in Sources */ = {isa = PBXBuildFile; fileRef = A35AD8F727CA700300E88AB0 /* CircleButtonView.swift */; };
		A35AD8FA27CA756400E88AB0 /* CircleButtonAnimationView.swift in Sources */ = {isa = PBXBuildFile; fileRef = A35AD8F927CA756400E88AB0 /* CircleButtonAnimationView.swift */; };
		A35AD8FE27CA976B00E88AB0 /* CoinModel.swift in Sources */ = {isa = PBXBuildFile; fileRef = A35AD8FD27CA976B00E88AB0 /* CoinModel.swift */; };
/* End PBXBuildFile section */

/* Begin PBXFileReference section */
		A35AD8D927C6D74500E88AB0 /* CryptoApp.app */ = {isa = PBXFileReference; explicitFileType = wrapper.application; includeInIndex = 0; path = CryptoApp.app; sourceTree = BUILT_PRODUCTS_DIR; };
		A35AD8DC27C6D74500E88AB0 /* CryptoAppApp.swift */ = {isa = PBXFileReference; lastKnownFileType = sourcecode.swift; path = CryptoAppApp.swift; sourceTree = "<group>"; };
		A35AD8DE27C6D74500E88AB0 /* ContentView.swift */ = {isa = PBXFileReference; lastKnownFileType = sourcecode.swift; path = ContentView.swift; sourceTree = "<group>"; };
		A35AD8E327C6D74700E88AB0 /* Preview Assets.xcassets */ = {isa = PBXFileReference; lastKnownFileType = folder.assetcatalog; path = "Preview Assets.xcassets"; sourceTree = "<group>"; };
		A35AD8EA27C6D87900E88AB0 /* Assets.xcassets */ = {isa = PBXFileReference; lastKnownFileType = folder.assetcatalog; name = Assets.xcassets; path = ../../../../../Downloads/Resources/Assets.xcassets; sourceTree = "<group>"; };
		A35AD8ED27C6DA5200E88AB0 /* Color.swift */ = {isa = PBXFileReference; lastKnownFileType = sourcecode.swift; path = Color.swift; sourceTree = "<group>"; };
		A35AD8F327C6DE3E00E88AB0 /* HomeView.swift */ = {isa = PBXFileReference; lastKnownFileType = sourcecode.swift; path = HomeView.swift; sourceTree = "<group>"; };
		A35AD8F727CA700300E88AB0 /* CircleButtonView.swift */ = {isa = PBXFileReference; lastKnownFileType = sourcecode.swift; path = CircleButtonView.swift; sourceTree = "<group>"; };
		A35AD8F927CA756400E88AB0 /* CircleButtonAnimationView.swift */ = {isa = PBXFileReference; lastKnownFileType = sourcecode.swift; path = CircleButtonAnimationView.swift; sourceTree = "<group>"; };
		A35AD8FD27CA976B00E88AB0 /* CoinModel.swift */ = {isa = PBXFileReference; lastKnownFileType = sourcecode.swift; path = CoinModel.swift; sourceTree = "<group>"; };
/* End PBXFileReference section */

/* Begin PBXFrameworksBuildPhase section */
		A35AD8D627C6D74500E88AB0 /* Frameworks */ = {
			isa = PBXFrameworksBuildPhase;
			buildActionMask = 2147483647;
			files = (
			);
			runOnlyForDeploymentPostprocessing = 0;
		};
/* End PBXFrameworksBuildPhase section */

/* Begin PBXGroup section */
		A35AD8D027C6D74500E88AB0 = {
			isa = PBXGroup;
			children = (
				A35AD8DB27C6D74500E88AB0 /* CryptoApp */,
				A35AD8DA27C6D74500E88AB0 /* Products */,
			);
			sourceTree = "<group>";
		};
		A35AD8DA27C6D74500E88AB0 /* Products */ = {
			isa = PBXGroup;
			children = (
				A35AD8D927C6D74500E88AB0 /* CryptoApp.app */,
			);
			name = Products;
			sourceTree = "<group>";
		};
		A35AD8DB27C6D74500E88AB0 /* CryptoApp */ = {
			isa = PBXGroup;
			children = (
				A35AD8DC27C6D74500E88AB0 /* CryptoAppApp.swift */,
				A35AD8FC27CA974300E88AB0 /* Models */,
				A35AD8FB27CA973600E88AB0 /* New Group */,
				A35AD8EC27C6DA2D00E88AB0 /* Extensions */,
				A35AD8EF27C6DDE700E88AB0 /* Core */,
				A35AD8DE27C6D74500E88AB0 /* ContentView.swift */,
				A35AD8EA27C6D87900E88AB0 /* Assets.xcassets */,
				A35AD8E227C6D74700E88AB0 /* Preview Content */,
			);
			path = CryptoApp;
			sourceTree = "<group>";
		};
		A35AD8E227C6D74700E88AB0 /* Preview Content */ = {
			isa = PBXGroup;
			children = (
				A35AD8E327C6D74700E88AB0 /* Preview Assets.xcassets */,
			);
			path = "Preview Content";
			sourceTree = "<group>";
		};
		A35AD8EC27C6DA2D00E88AB0 /* Extensions */ = {
			isa = PBXGroup;
			children = (
				A35AD8ED27C6DA5200E88AB0 /* Color.swift */,
			);
			path = Extensions;
			sourceTree = "<group>";
		};
		A35AD8EF27C6DDE700E88AB0 /* Core */ = {
			isa = PBXGroup;
			children = (
				A35AD8F527CA6FBD00E88AB0 /* Components */,
				A35AD8F027C6DE0A00E88AB0 /* Home */,
			);
			path = Core;
			sourceTree = "<group>";
		};
		A35AD8F027C6DE0A00E88AB0 /* Home */ = {
			isa = PBXGroup;
			children = (
				A35AD8F227C6DE2400E88AB0 /* ViewModel */,
				A35AD8F127C6DE1B00E88AB0 /* Views */,
			);
			path = Home;
			sourceTree = "<group>";
		};
		A35AD8F127C6DE1B00E88AB0 /* Views */ = {
			isa = PBXGroup;
			children = (
				A35AD8F327C6DE3E00E88AB0 /* HomeView.swift */,
			);
			path = Views;
			sourceTree = "<group>";
		};
		A35AD8F227C6DE2400E88AB0 /* ViewModel */ = {
			isa = PBXGroup;
			children = (
			);
			path = ViewModel;
			sourceTree = "<group>";
		};
		A35AD8F527CA6FBD00E88AB0 /* Components */ = {
			isa = PBXGroup;
			children = (
				A35AD8F627CA6FF000E88AB0 /* CircleButton */,
			);
			path = Components;
			sourceTree = "<group>";
		};
		A35AD8F627CA6FF000E88AB0 /* CircleButton */ = {
			isa = PBXGroup;
			children = (
				A35AD8F727CA700300E88AB0 /* CircleButtonView.swift */,
				A35AD8F927CA756400E88AB0 /* CircleButtonAnimationView.swift */,
			);
			path = CircleButton;
			sourceTree = "<group>";
		};
		A35AD8FB27CA973600E88AB0 /* New Group */ = {
			isa = PBXGroup;
			children = (
			);
			path = "New Group";
			sourceTree = "<group>";
		};
		A35AD8FC27CA974300E88AB0 /* Models */ = {
			isa = PBXGroup;
			children = (
				A35AD8FD27CA976B00E88AB0 /* CoinModel.swift */,
			);
			path = Models;
			sourceTree = "<group>";
		};
/* End PBXGroup section */

/* Begin PBXNativeTarget section */
		A35AD8D827C6D74500E88AB0 /* CryptoApp */ = {
			isa = PBXNativeTarget;
			buildConfigurationList = A35AD8E727C6D74700E88AB0 /* Build configuration list for PBXNativeTarget "CryptoApp" */;
			buildPhases = (
				A35AD8D527C6D74500E88AB0 /* Sources */,
				A35AD8D627C6D74500E88AB0 /* Frameworks */,
				A35AD8D727C6D74500E88AB0 /* Resources */,
			);
			buildRules = (
			);
			dependencies = (
			);
			name = CryptoApp;
			productName = CryptoApp;
			productReference = A35AD8D927C6D74500E88AB0 /* CryptoApp.app */;
			productType = "com.apple.product-type.application";
		};
/* End PBXNativeTarget section */

/* Begin PBXProject section */
		A35AD8D127C6D74500E88AB0 /* Project object */ = {
			isa = PBXProject;
			attributes = {
				BuildIndependentTargetsInParallel = 1;
				LastSwiftUpdateCheck = 1320;
				LastUpgradeCheck = 1320;
				TargetAttributes = {
					A35AD8D827C6D74500E88AB0 = {
						CreatedOnToolsVersion = 13.2.1;
					};
				};
			};
			buildConfigurationList = A35AD8D427C6D74500E88AB0 /* Build configuration list for PBXProject "CryptoApp" */;
			compatibilityVersion = "Xcode 13.0";
			developmentRegion = en;
			hasScannedForEncodings = 0;
			knownRegions = (
				en,
				Base,
			);
			mainGroup = A35AD8D027C6D74500E88AB0;
			productRefGroup = A35AD8DA27C6D74500E88AB0 /* Products */;
			projectDirPath = "";
			projectRoot = "";
			targets = (
				A35AD8D827C6D74500E88AB0 /* CryptoApp */,
			);
		};
/* End PBXProject section */

/* Begin PBXResourcesBuildPhase section */
		A35AD8D727C6D74500E88AB0 /* Resources */ = {
			isa = PBXResourcesBuildPhase;
			buildActionMask = 2147483647;
			files = (
				A35AD8E427C6D74700E88AB0 /* Preview Assets.xcassets in Resources */,
				A35AD8EB27C6D87900E88AB0 /* Assets.xcassets in Resources */,
			);
			runOnlyForDeploymentPostprocessing = 0;
		};
/* End PBXResourcesBuildPhase section */

/* Begin PBXSourcesBuildPhase section */
		A35AD8D527C6D74500E88AB0 /* Sources */ = {
			isa = PBXSourcesBuildPhase;
			buildActionMask = 2147483647;
			files = (
				A35AD8F827CA700300E88AB0 /* CircleButtonView.swift in Sources */,
				A35AD8DF27C6D74500E88AB0 /* ContentView.swift in Sources */,
				A35AD8F427C6DE3E00E88AB0 /* HomeView.swift in Sources */,
				A35AD8DD27C6D74500E88AB0 /* CryptoAppApp.swift in Sources */,
				A35AD8EE27C6DA5200E88AB0 /* Color.swift in Sources */,
				A35AD8FA27CA756400E88AB0 /* CircleButtonAnimationView.swift in Sources */,
				A35AD8FE27CA976B00E88AB0 /* CoinModel.swift in Sources */,
			);
			runOnlyForDeploymentPostprocessing = 0;
		};
/* End PBXSourcesBuildPhase section */

/* Begin XCBuildConfiguration section */
		A35AD8E527C6D74700E88AB0 /* Debug */ = {
			isa = XCBuildConfiguration;
			buildSettings = {
				ALWAYS_SEARCH_USER_PATHS = NO;
				CLANG_ANALYZER_NONNULL = YES;
				CLANG_ANALYZER_NUMBER_OBJECT_CONVERSION = YES_AGGRESSIVE;
				CLANG_CXX_LANGUAGE_STANDARD = "gnu++17";
				CLANG_CXX_LIBRARY = "libc++";
				CLANG_ENABLE_MODULES = YES;
				CLANG_ENABLE_OBJC_ARC = YES;
				CLANG_ENABLE_OBJC_WEAK = YES;
				CLANG_WARN_BLOCK_CAPTURE_AUTORELEASING = YES;
				CLANG_WARN_BOOL_CONVERSION = YES;
				CLANG_WARN_COMMA = YES;
				CLANG_WARN_CONSTANT_CONVERSION = YES;
				CLANG_WARN_DEPRECATED_OBJC_IMPLEMENTATIONS = YES;
				CLANG_WARN_DIRECT_OBJC_ISA_USAGE = YES_ERROR;
				CLANG_WARN_DOCUMENTATION_COMMENTS = YES;
				CLANG_WARN_EMPTY_BODY = YES;
				CLANG_WARN_ENUM_CONVERSION = YES;
				CLANG_WARN_INFINITE_RECURSION = YES;
				CLANG_WARN_INT_CONVERSION = YES;
				CLANG_WARN_NON_LITERAL_NULL_CONVERSION = YES;
				CLANG_WARN_OBJC_IMPLICIT_RETAIN_SELF = YES;
				CLANG_WARN_OBJC_LITERAL_CONVERSION = YES;
				CLANG_WARN_OBJC_ROOT_CLASS = YES_ERROR;
				CLANG_WARN_QUOTED_INCLUDE_IN_FRAMEWORK_HEADER = YES;
				CLANG_WARN_RANGE_LOOP_ANALYSIS = YES;
				CLANG_WARN_STRICT_PROTOTYPES = YES;
				CLANG_WARN_SUSPICIOUS_MOVE = YES;
				CLANG_WARN_UNGUARDED_AVAILABILITY = YES_AGGRESSIVE;
				CLANG_WARN_UNREACHABLE_CODE = YES;
				CLANG_WARN__DUPLICATE_METHOD_MATCH = YES;
				COPY_PHASE_STRIP = NO;
				DEBUG_INFORMATION_FORMAT = dwarf;
				ENABLE_STRICT_OBJC_MSGSEND = YES;
				ENABLE_TESTABILITY = YES;
				GCC_C_LANGUAGE_STANDARD = gnu11;
				GCC_DYNAMIC_NO_PIC = NO;
				GCC_NO_COMMON_BLOCKS = YES;
				GCC_OPTIMIZATION_LEVEL = 0;
				GCC_PREPROCESSOR_DEFINITIONS = (
					"DEBUG=1",
					"$(inherited)",
				);
				GCC_WARN_64_TO_32_BIT_CONVERSION = YES;
				GCC_WARN_ABOUT_RETURN_TYPE = YES_ERROR;
				GCC_WARN_UNDECLARED_SELECTOR = YES;
				GCC_WARN_UNINITIALIZED_AUTOS = YES_AGGRESSIVE;
				GCC_WARN_UNUSED_FUNCTION = YES;
				GCC_WARN_UNUSED_VARIABLE = YES;
				IPHONEOS_DEPLOYMENT_TARGET = 15.2;
				MTL_ENABLE_DEBUG_INFO = INCLUDE_SOURCE;
				MTL_FAST_MATH = YES;
				ONLY_ACTIVE_ARCH = YES;
				SDKROOT = iphoneos;
				SWIFT_ACTIVE_COMPILATION_CONDITIONS = DEBUG;
				SWIFT_OPTIMIZATION_LEVEL = "-Onone";
			};
			name = Debug;
		};
		A35AD8E627C6D74700E88AB0 /* Release */ = {
			isa = XCBuildConfiguration;
			buildSettings = {
				ALWAYS_SEARCH_USER_PATHS = NO;
				CLANG_ANALYZER_NONNULL = YES;
				CLANG_ANALYZER_NUMBER_OBJECT_CONVERSION = YES_AGGRESSIVE;
				CLANG_CXX_LANGUAGE_STANDARD = "gnu++17";
				CLANG_CXX_LIBRARY = "libc++";
				CLANG_ENABLE_MODULES = YES;
				CLANG_ENABLE_OBJC_ARC = YES;
				CLANG_ENABLE_OBJC_WEAK = YES;
				CLANG_WARN_BLOCK_CAPTURE_AUTORELEASING = YES;
				CLANG_WARN_BOOL_CONVERSION = YES;
				CLANG_WARN_COMMA = YES;
				CLANG_WARN_CONSTANT_CONVERSION = YES;
				CLANG_WARN_DEPRECATED_OBJC_IMPLEMENTATIONS = YES;
				CLANG_WARN_DIRECT_OBJC_ISA_USAGE = YES_ERROR;
				CLANG_WARN_DOCUMENTATION_COMMENTS = YES;
				CLANG_WARN_EMPTY_BODY = YES;
				CLANG_WARN_ENUM_CONVERSION = YES;
				CLANG_WARN_INFINITE_RECURSION = YES;
				CLANG_WARN_INT_CONVERSION = YES;
				CLANG_WARN_NON_LITERAL_NULL_CONVERSION = YES;
				CLANG_WARN_OBJC_IMPLICIT_RETAIN_SELF = YES;
				CLANG_WARN_OBJC_LITERAL_CONVERSION = YES;
				CLANG_WARN_OBJC_ROOT_CLASS = YES_ERROR;
				CLANG_WARN_QUOTED_INCLUDE_IN_FRAMEWORK_HEADER = YES;
				CLANG_WARN_RANGE_LOOP_ANALYSIS = YES;
				CLANG_WARN_STRICT_PROTOTYPES = YES;
				CLANG_WARN_SUSPICIOUS_MOVE = YES;
				CLANG_WARN_UNGUARDED_AVAILABILITY = YES_AGGRESSIVE;
				CLANG_WARN_UNREACHABLE_CODE = YES;
				CLANG_WARN__DUPLICATE_METHOD_MATCH = YES;
				COPY_PHASE_STRIP = NO;
				DEBUG_INFORMATION_FORMAT = "dwarf-with-dsym";
				ENABLE_NS_ASSERTIONS = NO;
				ENABLE_STRICT_OBJC_MSGSEND = YES;
				GCC_C_LANGUAGE_STANDARD = gnu11;
				GCC_NO_COMMON_BLOCKS = YES;
				GCC_WARN_64_TO_32_BIT_CONVERSION = YES;
				GCC_WARN_ABOUT_RETURN_TYPE = YES_ERROR;
				GCC_WARN_UNDECLARED_SELECTOR = YES;
				GCC_WARN_UNINITIALIZED_AUTOS = YES_AGGRESSIVE;
				GCC_WARN_UNUSED_FUNCTION = YES;
				GCC_WARN_UNUSED_VARIABLE = YES;
				IPHONEOS_DEPLOYMENT_TARGET = 15.2;
				MTL_ENABLE_DEBUG_INFO = NO;
				MTL_FAST_MATH = YES;
				SDKROOT = iphoneos;
				SWIFT_COMPILATION_MODE = wholemodule;
				SWIFT_OPTIMIZATION_LEVEL = "-O";
				VALIDATE_PRODUCT = YES;
			};
			name = Release;
		};
		A35AD8E827C6D74700E88AB0 /* Debug */ = {
			isa = XCBuildConfiguration;
			buildSettings = {
				ASSETCATALOG_COMPILER_APPICON_NAME = AppIcon;
				ASSETCATALOG_COMPILER_GLOBAL_ACCENT_COLOR_NAME = AccentColor;
				CODE_SIGN_STYLE = Automatic;
				CURRENT_PROJECT_VERSION = 1;
				DEVELOPMENT_ASSET_PATHS = "\"CryptoApp/Preview Content\"";
				DEVELOPMENT_TEAM = 64V4X3L8W4;
				ENABLE_PREVIEWS = YES;
				GENERATE_INFOPLIST_FILE = YES;
				INFOPLIST_KEY_UIApplicationSceneManifest_Generation = YES;
				INFOPLIST_KEY_UIApplicationSupportsIndirectInputEvents = YES;
				INFOPLIST_KEY_UILaunchScreen_Generation = YES;
				INFOPLIST_KEY_UISupportedInterfaceOrientations = UIInterfaceOrientationPortrait;
				INFOPLIST_KEY_UISupportedInterfaceOrientations_iPad = "UIInterfaceOrientationPortrait UIInterfaceOrientationPortraitUpsideDown UIInterfaceOrientationLandscapeLeft UIInterfaceOrientationLandscapeRight";
				INFOPLIST_KEY_UISupportedInterfaceOrientations_iPhone = "UIInterfaceOrientationPortrait UIInterfaceOrientationLandscapeLeft UIInterfaceOrientationLandscapeRight";
				LD_RUNPATH_SEARCH_PATHS = (
					"$(inherited)",
					"@executable_path/Frameworks",
				);
				MARKETING_VERSION = 1.0;
				PRODUCT_BUNDLE_IDENTIFIER = com.pleskanev.CryptoApp;
				PRODUCT_NAME = "$(TARGET_NAME)";
				SWIFT_EMIT_LOC_STRINGS = YES;
				SWIFT_VERSION = 5.0;
				TARGETED_DEVICE_FAMILY = "1,2";
			};
			name = Debug;
		};
		A35AD8E927C6D74700E88AB0 /* Release */ = {
			isa = XCBuildConfiguration;
			buildSettings = {
				ASSETCATALOG_COMPILER_APPICON_NAME = AppIcon;
				ASSETCATALOG_COMPILER_GLOBAL_ACCENT_COLOR_NAME = AccentColor;
				CODE_SIGN_STYLE = Automatic;
				CURRENT_PROJECT_VERSION = 1;
				DEVELOPMENT_ASSET_PATHS = "\"CryptoApp/Preview Content\"";
				DEVELOPMENT_TEAM = 64V4X3L8W4;
				ENABLE_PREVIEWS = YES;
				GENERATE_INFOPLIST_FILE = YES;
				INFOPLIST_KEY_UIApplicationSceneManifest_Generation = YES;
				INFOPLIST_KEY_UIApplicationSupportsIndirectInputEvents = YES;
				INFOPLIST_KEY_UILaunchScreen_Generation = YES;
				INFOPLIST_KEY_UISupportedInterfaceOrientations = UIInterfaceOrientationPortrait;
				INFOPLIST_KEY_UISupportedInterfaceOrientations_iPad = "UIInterfaceOrientationPortrait UIInterfaceOrientationPortraitUpsideDown UIInterfaceOrientationLandscapeLeft UIInterfaceOrientationLandscapeRight";
				INFOPLIST_KEY_UISupportedInterfaceOrientations_iPhone = "UIInterfaceOrientationPortrait UIInterfaceOrientationLandscapeLeft UIInterfaceOrientationLandscapeRight";
				LD_RUNPATH_SEARCH_PATHS = (
					"$(inherited)",
					"@executable_path/Frameworks",
				);
				MARKETING_VERSION = 1.0;
				PRODUCT_BUNDLE_IDENTIFIER = com.pleskanev.CryptoApp;
				PRODUCT_NAME = "$(TARGET_NAME)";
				SWIFT_EMIT_LOC_STRINGS = YES;
				SWIFT_VERSION = 5.0;
				TARGETED_DEVICE_FAMILY = "1,2";
			};
			name = Release;
		};
/* End XCBuildConfiguration section */

/* Begin XCConfigurationList section */
		A35AD8D427C6D74500E88AB0 /* Build configuration list for PBXProject "CryptoApp" */ = {
			isa = XCConfigurationList;
			buildConfigurations = (
				A35AD8E527C6D74700E88AB0 /* Debug */,
				A35AD8E627C6D74700E88AB0 /* Release */,
			);
			defaultConfigurationIsVisible = 0;
			defaultConfigurationName = Release;
		};
		A35AD8E727C6D74700E88AB0 /* Build configuration list for PBXNativeTarget "CryptoApp" */ = {
			isa = XCConfigurationList;
			buildConfigurations = (
				A35AD8E827C6D74700E88AB0 /* Debug */,
				A35AD8E927C6D74700E88AB0 /* Release */,
			);
			defaultConfigurationIsVisible = 0;
			defaultConfigurationName = Release;
		};
/* End XCConfigurationList section */
	};
	rootObject = A35AD8D127C6D74500E88AB0 /* Project object */;
}
